// !$*UTF8*$!
{
	archiveVersion = 1;
	classes = {
	};
	objectVersion = 46;
	objects = {

/* Begin PBXBuildFile section */
		37618469171853B0009E9BFE /* main.cpp in Sources */ = {isa = PBXBuildFile; fileRef = 37618468171853B0009E9BFE /* main.cpp */; };
		3761846B171853B0009E9BFE /* Rcursividad1.1 in CopyFiles */ = {isa = PBXBuildFile; fileRef = 3761846A171853B0009E9BFE /* Rcursividad1.1 */; };
/* End PBXBuildFile section */

/* Begin PBXCopyFilesBuildPhase section */
		37618463171853B0009E9BFE /* CopyFiles */ = {
			isa = PBXCopyFilesBuildPhase;
			buildActionMask = 2147483647;
			dstPath = /usr/share/man/man1/;
			dstSubfolderSpec = 0;
			files = (
				3761846B171853B0009E9BFE /* Rcursividad1.1 in CopyFiles */,
			);
			runOnlyForDeploymentPostprocessing = 1;
		};
/* End PBXCopyFilesBuildPhase section */

/* Begin PBXFileReference section */
		37618465171853B0009E9BFE /* Rcursividad1 */ = {isa = PBXFileReference; explicitFileType = "compiled.mach-o.executable"; includeInIndex = 0; path = Rcursividad1; sourceTree = BUILT_PRODUCTS_DIR; };
		37618468171853B0009E9BFE /* main.cpp */ = {isa = PBXFileReference; lastKnownFileType = sourcecode.cpp.cpp; path = main.cpp; sourceTree = "<group>"; };
		3761846A171853B0009E9BFE /* Rcursividad1.1 */ = {isa = PBXFileReference; lastKnownFileType = text.man; path = Rcursividad1.1; sourceTree = "<group>"; };
/* End PBXFileReference section */

/* Begin PBXFrameworksBuildPhase section */
		37618462171853B0009E9BFE /* Frameworks */ = {
			isa = PBXFrameworksBuildPhase;
			buildActionMask = 2147483647;
			files = (
			);
			runOnlyForDeploymentPostprocessing = 0;
		};
/* End PBXFrameworksBuildPhase section */

/* Begin PBXGroup section */
		3761845C171853B0009E9BFE = {
			isa = PBXGroup;
			children = (
				37618467171853B0009E9BFE /* Rcursividad1 */,
				37618466171853B0009E9BFE /* Products */,
			);
			sourceTree = "<group>";
		};
		37618466171853B0009E9BFE /* Products */ = {
			isa = PBXGroup;
			children = (
				37618465171853B0009E9BFE /* Rcursividad1 */,
			);
			name = Products;
			sourceTree = "<group>";
		};
		37618467171853B0009E9BFE /* Rcursividad1 */ = {
			isa = PBXGroup;
			children = (
				37618468171853B0009E9BFE /* main.cpp */,
				3761846A171853B0009E9BFE /* Rcursividad1.1 */,
			);
			path = Rcursividad1;
			sourceTree = "<group>";
		};
/* End PBXGroup section */

/* Begin PBXNativeTarget section */
		37618464171853B0009E9BFE /* Rcursividad1 */ = {
			isa = PBXNativeTarget;
			buildConfigurationList = 3761846E171853B1009E9BFE /* Build configuration list for PBXNativeTarget "Rcursividad1" */;
			buildPhases = (
				37618461171853B0009E9BFE /* Sources */,
				37618462171853B0009E9BFE /* Frameworks */,
				37618463171853B0009E9BFE /* CopyFiles */,
			);
			buildRules = (
			);
			dependencies = (
			);
			name = Rcursividad1;
			productName = Rcursividad1;
			productReference = 37618465171853B0009E9BFE /* Rcursividad1 */;
			productType = "com.apple.product-type.tool";
		};
/* End PBXNativeTarget section */

/* Begin PBXProject section */
		3761845D171853B0009E9BFE /* Project object */ = {
			isa = PBXProject;
			attributes = {
				LastUpgradeCheck = 0460;
				ORGANIZATIONNAME = "Balbina Santana";
			};
			buildConfigurationList = 37618460171853B0009E9BFE /* Build configuration list for PBXProject "Rcursividad1" */;
			compatibilityVersion = "Xcode 3.2";
			developmentRegion = English;
			hasScannedForEncodings = 0;
			knownRegions = (
				en,
			);
			mainGroup = 3761845C171853B0009E9BFE;
			productRefGroup = 37618466171853B0009E9BFE /* Products */;
			projectDirPath = "";
			projectRoot = "";
			targets = (
				37618464171853B0009E9BFE /* Rcursividad1 */,
			);
		};
/* End PBXProject section */

/* Begin PBXSourcesBuildPhase section */
		37618461171853B0009E9BFE /* Sources */ = {
			isa = PBXSourcesBuildPhase;
			buildActionMask = 2147483647;
			files = (
				37618469171853B0009E9BFE /* main.cpp in Sources */,
			);
			runOnlyForDeploymentPostprocessing = 0;
		};
/* End PBXSourcesBuildPhase section */

/* Begin XCBuildConfiguration section */
		3761846C171853B1009E9BFE /* Debug */ = {
			isa = XCBuildConfiguration;
			buildSettings = {
				ALWAYS_SEARCH_USER_PATHS = NO;
				ARCHS = "$(ARCHS_STANDARD_64_BIT)";
				CLANG_CXX_LANGUAGE_STANDARD = "gnu++0x";
				CLANG_CXX_LIBRARY = "libc++";
				CLANG_ENABLE_OBJC_ARC = YES;
				CLANG_WARN_CONSTANT_CONVERSION = YES;
				CLANG_WARN_EMPTY_BODY = YES;
				CLANG_WARN_ENUM_CONVERSION = YES;
				CLANG_WARN_INT_CONVERSION = YES;
				CLANG_WARN__DUPLICATE_METHOD_MATCH = YES;
				COPY_PHASE_STRIP = NO;
				GCC_C_LANGUAGE_STANDARD = gnu99;
				GCC_DYNAMIC_NO_PIC = NO;
				GCC_ENABLE_OBJC_EXCEPTIONS = YES;
				GCC_OPTIMIZATION_LEVEL = 0;
				GCC_PREPROCESSOR_DEFINITIONS = (
					"DEBUG=1",
					"$(inherited)",
				);
				GCC_SYMBOLS_PRIVATE_EXTERN = NO;
				GCC_WARN_64_TO_32_BIT_CONVERSION = YES;
				GCC_WARN_ABOUT_RETURN_TYPE = YES;
				GCC_WARN_UNINITIALIZED_AUTOS = YES;
				GCC_WARN_UNUSED_VARIABLE = YES;
				MACOSX_DEPLOYMENT_TARGET = 10.8;
				ONLY_ACTIVE_ARCH = YES;
				SDKROOT = macosx;
			};
			name = Debug;
		};
		3761846D171853B1009E9BFE /* Release */ = {
			isa = XCBuildConfiguration;
			buildSettings = {
				ALWAYS_SEARCH_USER_PATHS = NO;
				ARCHS = "$(ARCHS_STANDARD_64_BIT)";
				CLANG_CXX_LANGUAGE_STANDARD = "gnu++0x";
				CLANG_CXX_LIBRARY = "libc++";
				CLANG_ENABLE_OBJC_ARC = YES;
				CLANG_WARN_CONSTANT_CONVERSION = YES;
				CLANG_WARN_EMPTY_BODY = YES;
				CLANG_WARN_ENUM_CONVERSION = YES;
				CLANG_WARN_INT_CONVERSION = YES;
				CLANG_WARN__DUPLICATE_METHOD_MATCH = YES;
				COPY_PHASE_STRIP = YES;
				DEBUG_INFORMATION_FORMAT = "dwarf-with-dsym";
				GCC_C_LANGUAGE_STANDARD = gnu99;
				GCC_ENABLE_OBJC_EXCEPTIONS = YES;
				GCC_WARN_64_TO_32_BIT_CONVERSION = YES;
				GCC_WARN_ABOUT_RETURN_TYPE = YES;
				GCC_WARN_UNINITIALIZED_AUTOS = YES;
				GCC_WARN_UNUSED_VARIABLE = YES;
				MACOSX_DEPLOYMENT_TARGET = 10.8;
				SDKROOT = macosx;
			};
			name = Release;
		};
		3761846F171853B1009E9BFE /* Debug */ = {
			isa = XCBuildConfiguration;
			buildSettings = {
				PRODUCT_NAME = "$(TARGET_NAME)";
			};
			name = Debug;
		};
		37618470171853B1009E9BFE /* Release */ = {
			isa = XCBuildConfiguration;
			buildSettings = {
				PRODUCT_NAME = "$(TARGET_NAME)";
			};
			name = Release;
		};
/* End XCBuildConfiguration section */

/* Begin XCConfigurationList section */
		37618460171853B0009E9BFE /* Build configuration list for PBXProject "Rcursividad1" */ = {
			isa = XCConfigurationList;
			buildConfigurations = (
				3761846C171853B1009E9BFE /* Debug */,
				3761846D171853B1009E9BFE /* Release */,
			);
			defaultConfigurationIsVisible = 0;
			defaultConfigurationName = Release;
		};
		3761846E171853B1009E9BFE /* Build configuration list for PBXNativeTarget "Rcursividad1" */ = {
			isa = XCConfigurationList;
			buildConfigurations = (
				3761846F171853B1009E9BFE /* Debug */,
				37618470171853B1009E9BFE /* Release */,
			);
			defaultConfigurationIsVisible = 0;
		};
/* End XCConfigurationList section */
	};
	rootObject = 3761845D171853B0009E9BFE /* Project object */;
}
